
Microsoft Visual Studio Solution File, Format Version 12.00
# Visual Studio Version 17
VisualStudioVersion = 17.5.002.0
MinimumVisualStudioVersion = 10.0.40219.1
Project("{2150E333-8FDC-42A3-9474-1A3956D46DE8}") = "explicandoCSharp", "explicandoCSharp", "{F0A63BC0-166E-404A-8CB7-D5A63B57131A}"
EndProject
Project("{9A19103F-16F7-4668-BE54-9A1E7A4F7556}") = "ConsoleApp1", "explicandoCSharp\ConsoleApp1\ConsoleApp1.csproj", "{87F830B6-AE87-46B8-B8ED-CAB6C3B801B0}"
EndProject
Global
	GlobalSection(SolutionConfigurationPlatforms) = preSolution
		Debug|Any CPU = Debug|Any CPU
		Release|Any CPU = Release|Any CPU
	EndGlobalSection
	GlobalSection(ProjectConfigurationPlatforms) = postSolution
		{87F830B6-AE87-46B8-B8ED-CAB6C3B801B0}.Debug|Any CPU.ActiveCfg = Debug|Any CPU
		{87F830B6-AE87-46B8-B8ED-CAB6C3B801B0}.Debug|Any CPU.Build.0 = Debug|Any CPU
		{87F830B6-AE87-46B8-B8ED-CAB6C3B801B0}.Release|Any CPU.ActiveCfg = Release|Any CPU
		{87F830B6-AE87-46B8-B8ED-CAB6C3B801B0}.Release|Any CPU.Build.0 = Release|Any CPU
	EndGlobalSection
	GlobalSection(SolutionProperties) = preSolution
		HideSolutionNode = FALSE
	EndGlobalSection
	GlobalSection(NestedProjects) = preSolution
		{87F830B6-AE87-46B8-B8ED-CAB6C3B801B0} = {F0A63BC0-166E-404A-8CB7-D5A63B57131A}
	EndGlobalSection
	GlobalSection(ExtensibilityGlobals) = postSolution
		SolutionGuid = {E55965AD-6A69-411C-A125-050D69B7DA4D}
	EndGlobalSection
EndGlobal
